
Microsoft Visual Studio Solution File, Format Version 12.00
# Visual Studio Version 17
VisualStudioVersion = 17.3.32922.545
MinimumVisualStudioVersion = 10.0.40219.1
Project("{FAE04EC0-301F-11D3-BF4B-00C04F79EFBC}") = "VCard1", "VCard1\VCard1.csproj", "{DC3520B4-F00C-492A-BB35-8B3F8032BE06}"
EndProject
Global
	GlobalSection(SolutionConfigurationPlatforms) = preSolution
		Debug|Any CPU = Debug|Any CPU
		Release|Any CPU = Release|Any CPU
	EndGlobalSection
	GlobalSection(ProjectConfigurationPlatforms) = postSolution
		{DC3520B4-F00C-492A-BB35-8B3F8032BE06}.Debug|Any CPU.ActiveCfg = Debug|Any CPU
		{DC3520B4-F00C-492A-BB35-8B3F8032BE06}.Debug|Any CPU.Build.0 = Debug|Any CPU
		{DC3520B4-F00C-492A-BB35-8B3F8032BE06}.Release|Any CPU.ActiveCfg = Release|Any CPU
		{DC3520B4-F00C-492A-BB35-8B3F8032BE06}.Release|Any CPU.Build.0 = Release|Any CPU
	EndGlobalSection
	GlobalSection(SolutionProperties) = preSolution
		HideSolutionNode = FALSE
	EndGlobalSection
	GlobalSection(ExtensibilityGlobals) = postSolution
		SolutionGuid = {BBC6CEB2-8BBB-4FAB-9F19-3312F85974A9}
	EndGlobalSection
EndGlobal
